
Microsoft Visual Studio Solution File, Format Version 12.00
# Visual Studio Version 17
VisualStudioVersion = 17.14.36414.22 d17.14
MinimumVisualStudioVersion = 10.0.40219.1
Project("{FAE04EC0-301F-11D3-BF4B-00C04F79EFBC}") = "GradeCalculator", "GradeCalculator\GradeCalculator.csproj", "{CA899BDA-AAEB-49A5-AB5D-F6DA5D4AB812}"
EndProject
Global
	GlobalSection(SolutionConfigurationPlatforms) = preSolution
		Debug|Any CPU = Debug|Any CPU
		Release|Any CPU = Release|Any CPU
	EndGlobalSection
	GlobalSection(ProjectConfigurationPlatforms) = postSolution
		{CA899BDA-AAEB-49A5-AB5D-F6DA5D4AB812}.Debug|Any CPU.ActiveCfg = Debug|Any CPU
		{CA899BDA-AAEB-49A5-AB5D-F6DA5D4AB812}.Debug|Any CPU.Build.0 = Debug|Any CPU
		{CA899BDA-AAEB-49A5-AB5D-F6DA5D4AB812}.Release|Any CPU.ActiveCfg = Release|Any CPU
		{CA899BDA-AAEB-49A5-AB5D-F6DA5D4AB812}.Release|Any CPU.Build.0 = Release|Any CPU
	EndGlobalSection
	GlobalSection(SolutionProperties) = preSolution
		HideSolutionNode = FALSE
	EndGlobalSection
	GlobalSection(ExtensibilityGlobals) = postSolution
		SolutionGuid = {6F53243D-FC52-4CF3-BCD9-D9B04DDCB720}
	EndGlobalSection
EndGlobal
